
Microsoft Visual Studio Solution File, Format Version 12.00
# Visual Studio Version 17
VisualStudioVersion = 17.0.31903.59
MinimumVisualStudioVersion = 10.0.40219.1
Project("{FAE04EC0-301F-11D3-BF4B-00C04F79EFBC}") = "GameObjects", "GameObjects\GameObjects.csproj", "{D19BB2BB-C94A-47FB-8DDC-45E2AC2C253A}"
EndProject
Project("{FAE04EC0-301F-11D3-BF4B-00C04F79EFBC}") = "GameController", "GameController\GameController.csproj", "{374F2A80-12D9-4B7D-A5E4-DDA435658A1B}"
EndProject
Project("{FAE04EC0-301F-11D3-BF4B-00C04F79EFBC}") = "GameUtilities", "GameUtilities\GameUtilities.csproj", "{6D4B60DA-9C8A-4660-B2CB-E7688117C822}"
EndProject
Project("{FAE04EC0-301F-11D3-BF4B-00C04F79EFBC}") = "Tests", "Tests\Tests.csproj", "{62630992-4265-4237-B668-DE78B9AF3582}"
EndProject
Project("{FAE04EC0-301F-11D3-BF4B-00C04F79EFBC}") = "SafeGameController", "SafeGameController\SafeGameController.csproj", "{AE88ADF9-8E34-468C-9BD4-D107BFA65056}"
EndProject
Project("{FAE04EC0-301F-11D3-BF4B-00C04F79EFBC}") = "TextUserInterface", "TextUserInterface\TextUserInterface.csproj", "{84AFAE87-E23D-4430-879A-6A5F833A795A}"
EndProject
Project("{FAE04EC0-301F-11D3-BF4B-00C04F79EFBC}") = "Application", "Application\Application.csproj", "{A78DA1B9-BCBD-46DF-BC4F-29F87775E98D}"
EndProject
Global
	GlobalSection(SolutionConfigurationPlatforms) = preSolution
		Debug|Any CPU = Debug|Any CPU
		Release|Any CPU = Release|Any CPU
	EndGlobalSection
	GlobalSection(SolutionProperties) = preSolution
		HideSolutionNode = FALSE
	EndGlobalSection
	GlobalSection(ProjectConfigurationPlatforms) = postSolution
		{D19BB2BB-C94A-47FB-8DDC-45E2AC2C253A}.Debug|Any CPU.ActiveCfg = Debug|Any CPU
		{D19BB2BB-C94A-47FB-8DDC-45E2AC2C253A}.Debug|Any CPU.Build.0 = Debug|Any CPU
		{D19BB2BB-C94A-47FB-8DDC-45E2AC2C253A}.Release|Any CPU.ActiveCfg = Release|Any CPU
		{D19BB2BB-C94A-47FB-8DDC-45E2AC2C253A}.Release|Any CPU.Build.0 = Release|Any CPU
		{374F2A80-12D9-4B7D-A5E4-DDA435658A1B}.Debug|Any CPU.ActiveCfg = Debug|Any CPU
		{374F2A80-12D9-4B7D-A5E4-DDA435658A1B}.Debug|Any CPU.Build.0 = Debug|Any CPU
		{374F2A80-12D9-4B7D-A5E4-DDA435658A1B}.Release|Any CPU.ActiveCfg = Release|Any CPU
		{374F2A80-12D9-4B7D-A5E4-DDA435658A1B}.Release|Any CPU.Build.0 = Release|Any CPU
		{6D4B60DA-9C8A-4660-B2CB-E7688117C822}.Debug|Any CPU.ActiveCfg = Debug|Any CPU
		{6D4B60DA-9C8A-4660-B2CB-E7688117C822}.Debug|Any CPU.Build.0 = Debug|Any CPU
		{6D4B60DA-9C8A-4660-B2CB-E7688117C822}.Release|Any CPU.ActiveCfg = Release|Any CPU
		{6D4B60DA-9C8A-4660-B2CB-E7688117C822}.Release|Any CPU.Build.0 = Release|Any CPU
		{62630992-4265-4237-B668-DE78B9AF3582}.Debug|Any CPU.ActiveCfg = Debug|Any CPU
		{62630992-4265-4237-B668-DE78B9AF3582}.Debug|Any CPU.Build.0 = Debug|Any CPU
		{62630992-4265-4237-B668-DE78B9AF3582}.Release|Any CPU.ActiveCfg = Release|Any CPU
		{62630992-4265-4237-B668-DE78B9AF3582}.Release|Any CPU.Build.0 = Release|Any CPU
		{AE88ADF9-8E34-468C-9BD4-D107BFA65056}.Debug|Any CPU.ActiveCfg = Debug|Any CPU
		{AE88ADF9-8E34-468C-9BD4-D107BFA65056}.Debug|Any CPU.Build.0 = Debug|Any CPU
		{AE88ADF9-8E34-468C-9BD4-D107BFA65056}.Release|Any CPU.ActiveCfg = Release|Any CPU
		{AE88ADF9-8E34-468C-9BD4-D107BFA65056}.Release|Any CPU.Build.0 = Release|Any CPU
		{84AFAE87-E23D-4430-879A-6A5F833A795A}.Debug|Any CPU.ActiveCfg = Debug|Any CPU
		{84AFAE87-E23D-4430-879A-6A5F833A795A}.Debug|Any CPU.Build.0 = Debug|Any CPU
		{84AFAE87-E23D-4430-879A-6A5F833A795A}.Release|Any CPU.ActiveCfg = Release|Any CPU
		{84AFAE87-E23D-4430-879A-6A5F833A795A}.Release|Any CPU.Build.0 = Release|Any CPU
		{A78DA1B9-BCBD-46DF-BC4F-29F87775E98D}.Debug|Any CPU.ActiveCfg = Debug|Any CPU
		{A78DA1B9-BCBD-46DF-BC4F-29F87775E98D}.Debug|Any CPU.Build.0 = Debug|Any CPU
		{A78DA1B9-BCBD-46DF-BC4F-29F87775E98D}.Release|Any CPU.ActiveCfg = Release|Any CPU
		{A78DA1B9-BCBD-46DF-BC4F-29F87775E98D}.Release|Any CPU.Build.0 = Release|Any CPU
	EndGlobalSection
EndGlobal
